
Microsoft Visual Studio Solution File, Format Version 12.00
# Visual Studio Version 17
VisualStudioVersion = 17.6.33815.320
MinimumVisualStudioVersion = 10.0.40219.1
Project("{FAE04EC0-301F-11D3-BF4B-00C04F79EFBC}") = "Trubachev_Autoservice", "Trubachev_Autoservice.csproj", "{541C0537-5EAA-47EB-8852-5AD4AA9F1220}"
EndProject
Global
	GlobalSection(SolutionConfigurationPlatforms) = preSolution
		Debug|Any CPU = Debug|Any CPU
		Release|Any CPU = Release|Any CPU
	EndGlobalSection
	GlobalSection(ProjectConfigurationPlatforms) = postSolution
		{541C0537-5EAA-47EB-8852-5AD4AA9F1220}.Debug|Any CPU.ActiveCfg = Debug|Any CPU
		{541C0537-5EAA-47EB-8852-5AD4AA9F1220}.Debug|Any CPU.Build.0 = Debug|Any CPU
		{541C0537-5EAA-47EB-8852-5AD4AA9F1220}.Release|Any CPU.ActiveCfg = Release|Any CPU
		{541C0537-5EAA-47EB-8852-5AD4AA9F1220}.Release|Any CPU.Build.0 = Release|Any CPU
	EndGlobalSection
	GlobalSection(SolutionProperties) = preSolution
		HideSolutionNode = FALSE
	EndGlobalSection
	GlobalSection(ExtensibilityGlobals) = postSolution
		SolutionGuid = {A5870BE6-8AF0-494E-BC21-9D9F08C2971E}
	EndGlobalSection
EndGlobal
